
Microsoft Visual Studio Solution File, Format Version 12.00
# Visual Studio Version 17
VisualStudioVersion = 17.8.34330.188
MinimumVisualStudioVersion = 10.0.40219.1
Project("{FAE04EC0-301F-11D3-BF4B-00C04F79EFBC}") = "LeaveManagement.Web", "LeaveManagement.Web\LeaveManagement.Web.csproj", "{A5B2D301-B438-4E37-AC20-FC98FE1D6BC8}"
EndProject
Global
	GlobalSection(SolutionConfigurationPlatforms) = preSolution
		Debug|Any CPU = Debug|Any CPU
		Release|Any CPU = Release|Any CPU
	EndGlobalSection
	GlobalSection(ProjectConfigurationPlatforms) = postSolution
		{A5B2D301-B438-4E37-AC20-FC98FE1D6BC8}.Debug|Any CPU.ActiveCfg = Debug|Any CPU
		{A5B2D301-B438-4E37-AC20-FC98FE1D6BC8}.Debug|Any CPU.Build.0 = Debug|Any CPU
		{A5B2D301-B438-4E37-AC20-FC98FE1D6BC8}.Release|Any CPU.ActiveCfg = Release|Any CPU
		{A5B2D301-B438-4E37-AC20-FC98FE1D6BC8}.Release|Any CPU.Build.0 = Release|Any CPU
	EndGlobalSection
	GlobalSection(SolutionProperties) = preSolution
		HideSolutionNode = FALSE
	EndGlobalSection
	GlobalSection(ExtensibilityGlobals) = postSolution
		SolutionGuid = {AC8C1309-C428-4612-8F28-515BD956EAB8}
	EndGlobalSection
EndGlobal
